
Microsoft Visual Studio Solution File, Format Version 12.00
# Visual Studio 15
VisualStudioVersion = 15.0.27703.2042
MinimumVisualStudioVersion = 10.0.40219.1
Project("{FAE04EC0-301F-11D3-BF4B-00C04F79EFBC}") = "bnp-coding-test", "bnp-coding-test\bnp-coding-test.csproj", "{867A35F3-3F48-4435-B3E7-C50EEF266868}"
EndProject
Project("{FAE04EC0-301F-11D3-BF4B-00C04F79EFBC}") = "bnp-coding-test.Tests", "bnp-coding-test.Tests\bnp-coding-test.Tests.csproj", "{F5EC9C8F-A978-4F77-AE7E-1B230B4C3994}"
EndProject
Global
	GlobalSection(SolutionConfigurationPlatforms) = preSolution
		Debug|Any CPU = Debug|Any CPU
		Release|Any CPU = Release|Any CPU
	EndGlobalSection
	GlobalSection(ProjectConfigurationPlatforms) = postSolution
		{867A35F3-3F48-4435-B3E7-C50EEF266868}.Debug|Any CPU.ActiveCfg = Debug|Any CPU
		{867A35F3-3F48-4435-B3E7-C50EEF266868}.Debug|Any CPU.Build.0 = Debug|Any CPU
		{867A35F3-3F48-4435-B3E7-C50EEF266868}.Release|Any CPU.ActiveCfg = Release|Any CPU
		{867A35F3-3F48-4435-B3E7-C50EEF266868}.Release|Any CPU.Build.0 = Release|Any CPU
		{F5EC9C8F-A978-4F77-AE7E-1B230B4C3994}.Debug|Any CPU.ActiveCfg = Debug|Any CPU
		{F5EC9C8F-A978-4F77-AE7E-1B230B4C3994}.Debug|Any CPU.Build.0 = Debug|Any CPU
		{F5EC9C8F-A978-4F77-AE7E-1B230B4C3994}.Release|Any CPU.ActiveCfg = Release|Any CPU
		{F5EC9C8F-A978-4F77-AE7E-1B230B4C3994}.Release|Any CPU.Build.0 = Release|Any CPU
	EndGlobalSection
	GlobalSection(SolutionProperties) = preSolution
		HideSolutionNode = FALSE
	EndGlobalSection
	GlobalSection(ExtensibilityGlobals) = postSolution
		SolutionGuid = {2A3F7409-12D8-4336-AD00-5215F490E55B}
	EndGlobalSection
EndGlobal
